{
  "name": "nugu",
  "version": "0.7.3",
  "lockfileVersion": 1,
  "requires": true,
  "dependencies": {
    "adm-zip": {
      "version": "0.5.9",
      "resolved": "https://registry.npmjs.org/adm-zip/-/adm-zip-0.5.9.tgz",
      "integrity": "sha512-s+3fXLkeeLjZ2kLjCBwQufpI5fuN+kIGBxu6530nVQZGVol0d7Y/M88/xw9HGGUcJjKf8LutN3VPRUBq6N7Ajg=="
    },
    "async": {
      "version": "2.6.3",
      "resolved": "https://registry.npmjs.org/async/-/async-2.6.3.tgz",
      "integrity": "sha512-zflvls11DCy+dQWzTW2dzuilv8Z5X/pjfmZOWba6TNIVDm+2UDaJmXSOXlasHKfNBs8oo3M0aT50fDEWfKZjXg==",
      "requires": {
        "lodash": "^4.17.14"
      }
    },
    "buffer-crc32": {
      "version": "0.2.13",
      "resolved": "https://registry.npmjs.org/buffer-crc32/-/buffer-crc32-0.2.13.tgz",
      "integrity": "sha1-DTM+PwDqxQqhRUq9MO+MKl2ackI="
    },
    "lodash": {
      "version": "4.17.21",
      "resolved": "https://registry.npmjs.org/lodash/-/lodash-4.17.21.tgz",
      "integrity": "sha512-v2kDEe57lecTulaDIuNTPy3Ry4gLGJ6Z1O3vE1krgXZNrsQ+LFTGHVxVjcXPs17LhbZVGedAJv8XZ1tvj5FvSg=="
    },
    "mri": {
      "version": "1.2.0",
      "resolved": "https://registry.npmjs.org/mri/-/mri-1.2.0.tgz",
      "integrity": "sha512-tzzskb3bG8LvYGFF/mDTpq3jpI6Q9wc3LEmBaghu+DdCssd1FakN7Bc0hVNmEyGq1bq3RgfkCb3cmQLpNPOroA=="
    },
    "nvar": {
      "version": "1.3.1",
      "resolved": "https://registry.npmjs.org/nvar/-/nvar-1.3.1.tgz",
      "integrity": "sha512-2U58nVI2o0SXvjiTiQ6UdXpfNu0/A6rqvjCPk7bEsqQujXWDkmLdKppMkh3UXXAvfX9b2LSs1YYYkX2uNE/oAg=="
    },
    "nyuu": {
      "version": "0.4.0",
      "resolved": "https://registry.npmjs.org/nyuu/-/nyuu-0.4.0.tgz",
      "integrity": "sha512-MDZPgSJmkMxIKYzAWhVmuPb45/aHpaTjdWT9y66V7RnFVIdB3KkPzH9Am+ZHJl4pMyk5CNO7ujDLrLmujCHhyg==",
      "requires": {
        "async": "0.2.0 - 2.9999.9999",
        "yencode": "1.0.6 - 1.9999.9999"
      }
    },
    "rclone-archive": {
      "version": "0.1.0",
      "resolved": "https://registry.npmjs.org/rclone-archive/-/rclone-archive-0.1.0.tgz",
      "integrity": "sha512-a992CQBPYAJK/Uw6lVjt2Zbqmh9BTNyT6y3+Ugq13ypjjUSGVSzeWK4T3NZXhx5UjjBPx/HnvPvj95Ss+MHZeA==",
      "requires": {
        "yazl": "^2.5.1"
      }
    },
    "rclone.js": {
      "version": "0.6.0",
      "resolved": "https://registry.npmjs.org/rclone.js/-/rclone.js-0.6.0.tgz",
      "integrity": "sha512-0R0ZTY4xAah6e7JSbrK+01zH8gRa7G0RNBlWF1q1BBsOvBqsRjATzqI5JU1GpVxtoAaTTu2YeAGD1aWddsQMsg==",
      "requires": {
        "adm-zip": "^0.5.9",
        "mri": "^1.2.0"
      }
    },
    "yazl": {
      "version": "2.5.1",
      "resolved": "https://registry.npmjs.org/yazl/-/yazl-2.5.1.tgz",
      "integrity": "sha512-phENi2PLiHnHb6QBVot+dJnaAZ0xosj7p3fWl+znIjBDlnMI2PsZCJZ306BPTFOaHf5qdDEI8x5qFrSOBN5vrw==",
      "requires": {
        "buffer-crc32": "~0.2.3"
      }
    },
    "yencode": {
      "version": "1.1.1",
      "resolved": "https://registry.npmjs.org/yencode/-/yencode-1.1.1.tgz",
      "integrity": "sha512-DrpXv0x9wVTq6eBsCn4XL+gDesD/ggeciHPiftCV9EAqBna59g6/p63dJ9ygR1O2LLh1qO16e8uCXpOKnG5HKw=="
    }
  }
}
